
Microsoft Visual Studio Solution File, Format Version 12.00
Project("{2150E333-8FDC-42A3-9474-1A3956D46DE8}") = "src", "src", "{827E0CD3-B72D-47B6-A68D-7590B98EB39B}"
EndProject
Project("{FAE04EC0-301F-11D3-BF4B-00C04F79EFBC}") = "SimpleECommerce.Core", "src\SimpleECommerce.Core\SimpleECommerce.Core.csproj", "{370CB1E0-24D6-4D44-A9F2-38F9A054C34E}"
EndProject
Project("{FAE04EC0-301F-11D3-BF4B-00C04F79EFBC}") = "SimpleECommerce.DataAccess", "src\SimpleECommerce.DataAccess\SimpleECommerce.DataAccess.csproj", "{756699AA-E614-411E-975B-3E82AD44D533}"
EndProject
Project("{FAE04EC0-301F-11D3-BF4B-00C04F79EFBC}") = "SimpleECommerce.Business", "src\SimpleECommerce.Business\SimpleECommerce.Business.csproj", "{63EA5322-FA42-43D3-8B26-813AC80C5243}"
EndProject
Project("{FAE04EC0-301F-11D3-BF4B-00C04F79EFBC}") = "SimpleECommerce.API", "src\SimpleECommerce.API\SimpleECommerce.API.csproj", "{569A1274-1567-432F-92DC-490FF6D1FF25}"
EndProject
Global
	GlobalSection(SolutionConfigurationPlatforms) = preSolution
		Debug|Any CPU = Debug|Any CPU
		Debug|x64 = Debug|x64
		Debug|x86 = Debug|x86
		Release|Any CPU = Release|Any CPU
		Release|x64 = Release|x64
		Release|x86 = Release|x86
	EndGlobalSection
	GlobalSection(ProjectConfigurationPlatforms) = postSolution
		{370CB1E0-24D6-4D44-A9F2-38F9A054C34E}.Debug|Any CPU.ActiveCfg = Debug|Any CPU
		{370CB1E0-24D6-4D44-A9F2-38F9A054C34E}.Debug|Any CPU.Build.0 = Debug|Any CPU
		{370CB1E0-24D6-4D44-A9F2-38F9A054C34E}.Debug|x64.ActiveCfg = Debug|Any CPU
		{370CB1E0-24D6-4D44-A9F2-38F9A054C34E}.Debug|x64.Build.0 = Debug|Any CPU
		{370CB1E0-24D6-4D44-A9F2-38F9A054C34E}.Debug|x86.ActiveCfg = Debug|Any CPU
		{370CB1E0-24D6-4D44-A9F2-38F9A054C34E}.Debug|x86.Build.0 = Debug|Any CPU
		{370CB1E0-24D6-4D44-A9F2-38F9A054C34E}.Release|Any CPU.ActiveCfg = Release|Any CPU
		{370CB1E0-24D6-4D44-A9F2-38F9A054C34E}.Release|Any CPU.Build.0 = Release|Any CPU
		{370CB1E0-24D6-4D44-A9F2-38F9A054C34E}.Release|x64.ActiveCfg = Release|Any CPU
		{370CB1E0-24D6-4D44-A9F2-38F9A054C34E}.Release|x64.Build.0 = Release|Any CPU
		{370CB1E0-24D6-4D44-A9F2-38F9A054C34E}.Release|x86.ActiveCfg = Release|Any CPU
		{370CB1E0-24D6-4D44-A9F2-38F9A054C34E}.Release|x86.Build.0 = Release|Any CPU
		{756699AA-E614-411E-975B-3E82AD44D533}.Debug|Any CPU.ActiveCfg = Debug|Any CPU
		{756699AA-E614-411E-975B-3E82AD44D533}.Debug|Any CPU.Build.0 = Debug|Any CPU
		{756699AA-E614-411E-975B-3E82AD44D533}.Debug|x64.ActiveCfg = Debug|Any CPU
		{756699AA-E614-411E-975B-3E82AD44D533}.Debug|x64.Build.0 = Debug|Any CPU
		{756699AA-E614-411E-975B-3E82AD44D533}.Debug|x86.ActiveCfg = Debug|Any CPU
		{756699AA-E614-411E-975B-3E82AD44D533}.Debug|x86.Build.0 = Debug|Any CPU
		{756699AA-E614-411E-975B-3E82AD44D533}.Release|Any CPU.ActiveCfg = Release|Any CPU
		{756699AA-E614-411E-975B-3E82AD44D533}.Release|Any CPU.Build.0 = Release|Any CPU
		{756699AA-E614-411E-975B-3E82AD44D533}.Release|x64.ActiveCfg = Release|Any CPU
		{756699AA-E614-411E-975B-3E82AD44D533}.Release|x64.Build.0 = Release|Any CPU
		{756699AA-E614-411E-975B-3E82AD44D533}.Release|x86.ActiveCfg = Release|Any CPU
		{756699AA-E614-411E-975B-3E82AD44D533}.Release|x86.Build.0 = Release|Any CPU
		{63EA5322-FA42-43D3-8B26-813AC80C5243}.Debug|Any CPU.ActiveCfg = Debug|Any CPU
		{63EA5322-FA42-43D3-8B26-813AC80C5243}.Debug|Any CPU.Build.0 = Debug|Any CPU
		{63EA5322-FA42-43D3-8B26-813AC80C5243}.Debug|x64.ActiveCfg = Debug|Any CPU
		{63EA5322-FA42-43D3-8B26-813AC80C5243}.Debug|x64.Build.0 = Debug|Any CPU
		{63EA5322-FA42-43D3-8B26-813AC80C5243}.Debug|x86.ActiveCfg = Debug|Any CPU
		{63EA5322-FA42-43D3-8B26-813AC80C5243}.Debug|x86.Build.0 = Debug|Any CPU
		{63EA5322-FA42-43D3-8B26-813AC80C5243}.Release|Any CPU.ActiveCfg = Release|Any CPU
		{63EA5322-FA42-43D3-8B26-813AC80C5243}.Release|Any CPU.Build.0 = Release|Any CPU
		{63EA5322-FA42-43D3-8B26-813AC80C5243}.Release|x64.ActiveCfg = Release|Any CPU
		{63EA5322-FA42-43D3-8B26-813AC80C5243}.Release|x64.Build.0 = Release|Any CPU
		{63EA5322-FA42-43D3-8B26-813AC80C5243}.Release|x86.ActiveCfg = Release|Any CPU
		{63EA5322-FA42-43D3-8B26-813AC80C5243}.Release|x86.Build.0 = Release|Any CPU
		{569A1274-1567-432F-92DC-490FF6D1FF25}.Debug|Any CPU.ActiveCfg = Debug|Any CPU
		{569A1274-1567-432F-92DC-490FF6D1FF25}.Debug|Any CPU.Build.0 = Debug|Any CPU
		{569A1274-1567-432F-92DC-490FF6D1FF25}.Debug|x64.ActiveCfg = Debug|Any CPU
		{569A1274-1567-432F-92DC-490FF6D1FF25}.Debug|x64.Build.0 = Debug|Any CPU
		{569A1274-1567-432F-92DC-490FF6D1FF25}.Debug|x86.ActiveCfg = Debug|Any CPU
		{569A1274-1567-432F-92DC-490FF6D1FF25}.Debug|x86.Build.0 = Debug|Any CPU
		{569A1274-1567-432F-92DC-490FF6D1FF25}.Release|Any CPU.ActiveCfg = Release|Any CPU
		{569A1274-1567-432F-92DC-490FF6D1FF25}.Release|Any CPU.Build.0 = Release|Any CPU
		{569A1274-1567-432F-92DC-490FF6D1FF25}.Release|x64.ActiveCfg = Release|Any CPU
		{569A1274-1567-432F-92DC-490FF6D1FF25}.Release|x64.Build.0 = Release|Any CPU
		{569A1274-1567-432F-92DC-490FF6D1FF25}.Release|x86.ActiveCfg = Release|Any CPU
		{569A1274-1567-432F-92DC-490FF6D1FF25}.Release|x86.Build.0 = Release|Any CPU
	EndGlobalSection
	GlobalSection(SolutionProperties) = preSolution
		HideSolutionNode = FALSE
	EndGlobalSection
	GlobalSection(NestedProjects) = preSolution
		{370CB1E0-24D6-4D44-A9F2-38F9A054C34E} = {827E0CD3-B72D-47B6-A68D-7590B98EB39B}
		{756699AA-E614-411E-975B-3E82AD44D533} = {827E0CD3-B72D-47B6-A68D-7590B98EB39B}
		{63EA5322-FA42-43D3-8B26-813AC80C5243} = {827E0CD3-B72D-47B6-A68D-7590B98EB39B}
		{569A1274-1567-432F-92DC-490FF6D1FF25} = {827E0CD3-B72D-47B6-A68D-7590B98EB39B}
	EndGlobalSection
EndGlobal
